// !$*UTF8*$!
{
	archiveVersion = 1;
	classes = {
	};
	objectVersion = 50;
	objects = {

/* Begin PBXBuildFile section */
		6CB0F6E425F0C3C2002C552E /* AppDelegate.swift in Sources */ = {isa = PBXBuildFile; fileRef = 6CB0F6E325F0C3C2002C552E /* AppDelegate.swift */; };
		6CB0F6E625F0C3C2002C552E /* SceneDelegate.swift in Sources */ = {isa = PBXBuildFile; fileRef = 6CB0F6E525F0C3C2002C552E /* SceneDelegate.swift */; };
		6CB0F6E825F0C3C2002C552E /* ContentView.swift in Sources */ = {isa = PBXBuildFile; fileRef = 6CB0F6E725F0C3C2002C552E /* ContentView.swift */; };
		6CB0F6EA25F0C3C3002C552E /* Assets.xcassets in Resources */ = {isa = PBXBuildFile; fileRef = 6CB0F6E925F0C3C3002C552E /* Assets.xcassets */; };
		6CB0F6ED25F0C3C3002C552E /* Preview Assets.xcassets in Resources */ = {isa = PBXBuildFile; fileRef = 6CB0F6EC25F0C3C3002C552E /* Preview Assets.xcassets */; };
		6CB0F6F025F0C3C3002C552E /* LaunchScreen.storyboard in Resources */ = {isa = PBXBuildFile; fileRef = 6CB0F6EE25F0C3C3002C552E /* LaunchScreen.storyboard */; };
		6CB0F6FB25F0C4AA002C552E /* Localizable.strings in Resources */ = {isa = PBXBuildFile; fileRef = 6CB0F6FD25F0C4AA002C552E /* Localizable.strings */; };
		6CB0F70425F0C4DB002C552E /* apps.css in Resources */ = {isa = PBXBuildFile; fileRef = 6CB0F70225F0C4DB002C552E /* apps.css */; };
		6CB0F70525F0C4DB002C552E /* style.css in Resources */ = {isa = PBXBuildFile; fileRef = 6CB0F70325F0C4DB002C552E /* style.css */; };
		6CB0F70B25F0C4E2002C552E /* PrivacyPolicy_ja.html in Resources */ = {isa = PBXBuildFile; fileRef = 6CB0F70725F0C4E2002C552E /* PrivacyPolicy_ja.html */; };
		6CB0F70C25F0C4E2002C552E /* index.html in Resources */ = {isa = PBXBuildFile; fileRef = 6CB0F70825F0C4E2002C552E /* index.html */; };
		6CB0F70D25F0C4E2002C552E /* PrivacyPolicy.html in Resources */ = {isa = PBXBuildFile; fileRef = 6CB0F70925F0C4E2002C552E /* PrivacyPolicy.html */; };
		6CB0F70E25F0C4E2002C552E /* index_ja.html in Resources */ = {isa = PBXBuildFile; fileRef = 6CB0F70A25F0C4E2002C552E /* index_ja.html */; };
		6CB0F71525F0C4EB002C552E /* Calculator_splash.png in Resources */ = {isa = PBXBuildFile; fileRef = 6CB0F71025F0C4EB002C552E /* Calculator_splash.png */; };
		6CB0F71625F0C4EB002C552E /* AppStore_US.svg in Resources */ = {isa = PBXBuildFile; fileRef = 6CB0F71125F0C4EB002C552E /* AppStore_US.svg */; };
		6CB0F71725F0C4EB002C552E /* mark-github.svg in Resources */ = {isa = PBXBuildFile; fileRef = 6CB0F71225F0C4EB002C552E /* mark-github.svg */; };
		6CB0F71825F0C4EB002C552E /* AppStore_JP.svg in Resources */ = {isa = PBXBuildFile; fileRef = 6CB0F71325F0C4EB002C552E /* AppStore_JP.svg */; };
		6CB0F71925F0C4EB002C552E /* home.svg in Resources */ = {isa = PBXBuildFile; fileRef = 6CB0F71425F0C4EB002C552E /* home.svg */; };
		6CB0F72625F0C55A002C552E /* CalculatorSharedObject.swift in Sources */ = {isa = PBXBuildFile; fileRef = 6CB0F71B25F0C559002C552E /* CalculatorSharedObject.swift */; };
		6CB0F72725F0C55A002C552E /* CalculatorIPAddress.swift in Sources */ = {isa = PBXBuildFile; fileRef = 6CB0F71C25F0C559002C552E /* CalculatorIPAddress.swift */; };
		6CB0F72825F0C55A002C552E /* Data+Extension.swift in Sources */ = {isa = PBXBuildFile; fileRef = 6CB0F71D25F0C559002C552E /* Data+Extension.swift */; };
		6CB0F72925F0C55A002C552E /* CalculatorNumeric.swift in Sources */ = {isa = PBXBuildFile; fileRef = 6CB0F71E25F0C559002C552E /* CalculatorNumeric.swift */; };
		6CB0F72A25F0C55A002C552E /* Bbody.swift in Sources */ = {isa = PBXBuildFile; fileRef = 6CB0F71F25F0C559002C552E /* Bbody.swift */; };
		6CB0F72C25F0C55A002C552E /* CalculatorUNIXTime.swift in Sources */ = {isa = PBXBuildFile; fileRef = 6CB0F72125F0C559002C552E /* CalculatorUNIXTime.swift */; };
		6CB0F72D25F0C55A002C552E /* DataScreen.swift in Sources */ = {isa = PBXBuildFile; fileRef = 6CB0F72225F0C559002C552E /* DataScreen.swift */; };
		6CB0F72E25F0C55A002C552E /* CalculatorCharacters.swift in Sources */ = {isa = PBXBuildFile; fileRef = 6CB0F72325F0C559002C552E /* CalculatorCharacters.swift */; };
		6CB0F72F25F0C55A002C552E /* CalculatorMenu.swift in Sources */ = {isa = PBXBuildFile; fileRef = 6CB0F72425F0C559002C552E /* CalculatorMenu.swift */; };
		6CB0F73025F0C55A002C552E /* ByteField.swift in Sources */ = {isa = PBXBuildFile; fileRef = 6CB0F72525F0C55A002C552E /* ByteField.swift */; };
		6CB0F73425F0C632002C552E /* HorizontalBbody.swift in Sources */ = {isa = PBXBuildFile; fileRef = 6CB0F73325F0C632002C552E /* HorizontalBbody.swift */; };
		6CB0F73825F0C668002C552E /* String+Extension.swift in Sources */ = {isa = PBXBuildFile; fileRef = 6CB0F73625F0C668002C552E /* String+Extension.swift */; };
		6CB0F73925F0C668002C552E /* UInt8+Extension.swift in Sources */ = {isa = PBXBuildFile; fileRef = 6CB0F73725F0C668002C552E /* UInt8+Extension.swift */; };
		6CB0F73D25F238C5002C552E /* UIApplication+Extension.swift in Sources */ = {isa = PBXBuildFile; fileRef = 6CB0F73C25F238C5002C552E /* UIApplication+Extension.swift */; };
		6CB0F78025F8ADE8002C552E /* ScreenShot9.PNG in Resources */ = {isa = PBXBuildFile; fileRef = 6CB0F77625F8ADE8002C552E /* ScreenShot9.PNG */; };
		6CB0F78125F8ADE8002C552E /* ScreenShot1.PNG in Resources */ = {isa = PBXBuildFile; fileRef = 6CB0F77725F8ADE8002C552E /* ScreenShot1.PNG */; };
		6CB0F78225F8ADE8002C552E /* ScreenShot2.PNG in Resources */ = {isa = PBXBuildFile; fileRef = 6CB0F77825F8ADE8002C552E /* ScreenShot2.PNG */; };
		6CB0F78325F8ADE8002C552E /* ScreenShot6.PNG in Resources */ = {isa = PBXBuildFile; fileRef = 6CB0F77925F8ADE8002C552E /* ScreenShot6.PNG */; };
		6CB0F78425F8ADE8002C552E /* ScreenShot10.PNG in Resources */ = {isa = PBXBuildFile; fileRef = 6CB0F77A25F8ADE8002C552E /* ScreenShot10.PNG */; };
		6CB0F78525F8ADE8002C552E /* ScreenShot7.PNG in Resources */ = {isa = PBXBuildFile; fileRef = 6CB0F77B25F8ADE8002C552E /* ScreenShot7.PNG */; };
		6CB0F78625F8ADE8002C552E /* ScreenShot5.PNG in Resources */ = {isa = PBXBuildFile; fileRef = 6CB0F77C25F8ADE8002C552E /* ScreenShot5.PNG */; };
		6CB0F78725F8ADE8002C552E /* ScreenShot3.PNG in Resources */ = {isa = PBXBuildFile; fileRef = 6CB0F77D25F8ADE8002C552E /* ScreenShot3.PNG */; };
		6CB0F78825F8ADE8002C552E /* ScreenShot4.PNG in Resources */ = {isa = PBXBuildFile; fileRef = 6CB0F77E25F8ADE8002C552E /* ScreenShot4.PNG */; };
		6CB0F78925F8ADE8002C552E /* ScreenShot8.PNG in Resources */ = {isa = PBXBuildFile; fileRef = 6CB0F77F25F8ADE8002C552E /* ScreenShot8.PNG */; };
		6CB0F79525F8AE6B002C552E /* ScreenShot4_ja.PNG in Resources */ = {isa = PBXBuildFile; fileRef = 6CB0F78B25F8AE6A002C552E /* ScreenShot4_ja.PNG */; };
		6CB0F79625F8AE6B002C552E /* ScreenShot2_ja.PNG in Resources */ = {isa = PBXBuildFile; fileRef = 6CB0F78C25F8AE6A002C552E /* ScreenShot2_ja.PNG */; };
		6CB0F79725F8AE6B002C552E /* ScreenShot3_ja.PNG in Resources */ = {isa = PBXBuildFile; fileRef = 6CB0F78D25F8AE6A002C552E /* ScreenShot3_ja.PNG */; };
		6CB0F79825F8AE6B002C552E /* ScreenShot8_ja.PNG in Resources */ = {isa = PBXBuildFile; fileRef = 6CB0F78E25F8AE6A002C552E /* ScreenShot8_ja.PNG */; };
		6CB0F79925F8AE6B002C552E /* ScreenShot1_ja.PNG in Resources */ = {isa = PBXBuildFile; fileRef = 6CB0F78F25F8AE6A002C552E /* ScreenShot1_ja.PNG */; };
		6CB0F79A25F8AE6B002C552E /* ScreenShot9_ja.PNG in Resources */ = {isa = PBXBuildFile; fileRef = 6CB0F79025F8AE6B002C552E /* ScreenShot9_ja.PNG */; };
		6CB0F79B25F8AE6B002C552E /* ScreenShot7_ja.PNG in Resources */ = {isa = PBXBuildFile; fileRef = 6CB0F79125F8AE6B002C552E /* ScreenShot7_ja.PNG */; };
		6CB0F79C25F8AE6B002C552E /* ScreenShot6_ja.PNG in Resources */ = {isa = PBXBuildFile; fileRef = 6CB0F79225F8AE6B002C552E /* ScreenShot6_ja.PNG */; };
		6CB0F79D25F8AE6B002C552E /* ScreenShot5_ja.PNG in Resources */ = {isa = PBXBuildFile; fileRef = 6CB0F79325F8AE6B002C552E /* ScreenShot5_ja.PNG */; };
		6CB0F79E25F8AE6B002C552E /* ScreenShot10_ja.PNG in Resources */ = {isa = PBXBuildFile; fileRef = 6CB0F79425F8AE6B002C552E /* ScreenShot10_ja.PNG */; };
/* End PBXBuildFile section */

/* Begin PBXFileReference section */
		6CB0F6E025F0C3C2002C552E /* Calculator.app */ = {isa = PBXFileReference; explicitFileType = wrapper.application; includeInIndex = 0; path = Calculator.app; sourceTree = BUILT_PRODUCTS_DIR; };
		6CB0F6E325F0C3C2002C552E /* AppDelegate.swift */ = {isa = PBXFileReference; lastKnownFileType = sourcecode.swift; path = AppDelegate.swift; sourceTree = "<group>"; };
		6CB0F6E525F0C3C2002C552E /* SceneDelegate.swift */ = {isa = PBXFileReference; lastKnownFileType = sourcecode.swift; path = SceneDelegate.swift; sourceTree = "<group>"; };
		6CB0F6E725F0C3C2002C552E /* ContentView.swift */ = {isa = PBXFileReference; lastKnownFileType = sourcecode.swift; path = ContentView.swift; sourceTree = "<group>"; };
		6CB0F6E925F0C3C3002C552E /* Assets.xcassets */ = {isa = PBXFileReference; lastKnownFileType = folder.assetcatalog; path = Assets.xcassets; sourceTree = "<group>"; };
		6CB0F6EC25F0C3C3002C552E /* Preview Assets.xcassets */ = {isa = PBXFileReference; lastKnownFileType = folder.assetcatalog; path = "Preview Assets.xcassets"; sourceTree = "<group>"; };
		6CB0F6EF25F0C3C3002C552E /* Base */ = {isa = PBXFileReference; lastKnownFileType = file.storyboard; name = Base; path = Base.lproj/LaunchScreen.storyboard; sourceTree = "<group>"; };
		6CB0F6F125F0C3C3002C552E /* Info.plist */ = {isa = PBXFileReference; lastKnownFileType = text.plist.xml; path = Info.plist; sourceTree = "<group>"; };
		6CB0F6FC25F0C4AA002C552E /* en */ = {isa = PBXFileReference; lastKnownFileType = text.plist.strings; name = en; path = en.lproj/Localizable.strings; sourceTree = "<group>"; };
		6CB0F6FF25F0C4B5002C552E /* ja */ = {isa = PBXFileReference; lastKnownFileType = text.plist.strings; name = ja; path = ja.lproj/Localizable.strings; sourceTree = "<group>"; };
		6CB0F70225F0C4DB002C552E /* apps.css */ = {isa = PBXFileReference; fileEncoding = 4; lastKnownFileType = text.css; path = apps.css; sourceTree = "<group>"; };
		6CB0F70325F0C4DB002C552E /* style.css */ = {isa = PBXFileReference; fileEncoding = 4; lastKnownFileType = text.css; path = style.css; sourceTree = "<group>"; };
		6CB0F70725F0C4E2002C552E /* PrivacyPolicy_ja.html */ = {isa = PBXFileReference; fileEncoding = 4; lastKnownFileType = text.html; path = PrivacyPolicy_ja.html; sourceTree = "<group>"; };
		6CB0F70825F0C4E2002C552E /* index.html */ = {isa = PBXFileReference; fileEncoding = 4; lastKnownFileType = text.html; path = index.html; sourceTree = "<group>"; };
		6CB0F70925F0C4E2002C552E /* PrivacyPolicy.html */ = {isa = PBXFileReference; fileEncoding = 4; lastKnownFileType = text.html; path = PrivacyPolicy.html; sourceTree = "<group>"; };
		6CB0F70A25F0C4E2002C552E /* index_ja.html */ = {isa = PBXFileReference; fileEncoding = 4; lastKnownFileType = text.html; path = index_ja.html; sourceTree = "<group>"; };
		6CB0F71025F0C4EB002C552E /* Calculator_splash.png */ = {isa = PBXFileReference; lastKnownFileType = image.png; path = Calculator_splash.png; sourceTree = "<group>"; };
		6CB0F71125F0C4EB002C552E /* AppStore_US.svg */ = {isa = PBXFileReference; fileEncoding = 4; lastKnownFileType = text; path = AppStore_US.svg; sourceTree = "<group>"; };
		6CB0F71225F0C4EB002C552E /* mark-github.svg */ = {isa = PBXFileReference; fileEncoding = 4; lastKnownFileType = text; path = "mark-github.svg"; sourceTree = "<group>"; };
		6CB0F71325F0C4EB002C552E /* AppStore_JP.svg */ = {isa = PBXFileReference; fileEncoding = 4; lastKnownFileType = text; path = AppStore_JP.svg; sourceTree = "<group>"; };
		6CB0F71425F0C4EB002C552E /* home.svg */ = {isa = PBXFileReference; fileEncoding = 4; lastKnownFileType = text; path = home.svg; sourceTree = "<group>"; };
		6CB0F71B25F0C559002C552E /* CalculatorSharedObject.swift */ = {isa = PBXFileReference; fileEncoding = 4; lastKnownFileType = sourcecode.swift; path = CalculatorSharedObject.swift; sourceTree = "<group>"; };
		6CB0F71C25F0C559002C552E /* CalculatorIPAddress.swift */ = {isa = PBXFileReference; fileEncoding = 4; lastKnownFileType = sourcecode.swift; path = CalculatorIPAddress.swift; sourceTree = "<group>"; };
		6CB0F71D25F0C559002C552E /* Data+Extension.swift */ = {isa = PBXFileReference; fileEncoding = 4; lastKnownFileType = sourcecode.swift; path = "Data+Extension.swift"; sourceTree = "<group>"; };
		6CB0F71E25F0C559002C552E /* CalculatorNumeric.swift */ = {isa = PBXFileReference; fileEncoding = 4; lastKnownFileType = sourcecode.swift; path = CalculatorNumeric.swift; sourceTree = "<group>"; };
		6CB0F71F25F0C559002C552E /* Bbody.swift */ = {isa = PBXFileReference; fileEncoding = 4; lastKnownFileType = sourcecode.swift; path = Bbody.swift; sourceTree = "<group>"; };
		6CB0F72125F0C559002C552E /* CalculatorUNIXTime.swift */ = {isa = PBXFileReference; fileEncoding = 4; lastKnownFileType = sourcecode.swift; path = CalculatorUNIXTime.swift; sourceTree = "<group>"; };
		6CB0F72225F0C559002C552E /* DataScreen.swift */ = {isa = PBXFileReference; fileEncoding = 4; lastKnownFileType = sourcecode.swift; path = DataScreen.swift; sourceTree = "<group>"; };
		6CB0F72325F0C559002C552E /* CalculatorCharacters.swift */ = {isa = PBXFileReference; fileEncoding = 4; lastKnownFileType = sourcecode.swift; path = CalculatorCharacters.swift; sourceTree = "<group>"; };
		6CB0F72425F0C559002C552E /* CalculatorMenu.swift */ = {isa = PBXFileReference; fileEncoding = 4; lastKnownFileType = sourcecode.swift; path = CalculatorMenu.swift; sourceTree = "<group>"; };
		6CB0F72525F0C55A002C552E /* ByteField.swift */ = {isa = PBXFileReference; fileEncoding = 4; lastKnownFileType = sourcecode.swift; path = ByteField.swift; sourceTree = "<group>"; };
		6CB0F73325F0C632002C552E /* HorizontalBbody.swift */ = {isa = PBXFileReference; fileEncoding = 4; lastKnownFileType = sourcecode.swift; path = HorizontalBbody.swift; sourceTree = "<group>"; };
		6CB0F73625F0C668002C552E /* String+Extension.swift */ = {isa = PBXFileReference; fileEncoding = 4; lastKnownFileType = sourcecode.swift; path = "String+Extension.swift"; sourceTree = "<group>"; };
		6CB0F73725F0C668002C552E /* UInt8+Extension.swift */ = {isa = PBXFileReference; fileEncoding = 4; lastKnownFileType = sourcecode.swift; path = "UInt8+Extension.swift"; sourceTree = "<group>"; };
		6CB0F73C25F238C5002C552E /* UIApplication+Extension.swift */ = {isa = PBXFileReference; lastKnownFileType = sourcecode.swift; path = "UIApplication+Extension.swift"; sourceTree = "<group>"; };
		6CB0F77625F8ADE8002C552E /* ScreenShot9.PNG */ = {isa = PBXFileReference; lastKnownFileType = image.png; path = ScreenShot9.PNG; sourceTree = "<group>"; };
		6CB0F77725F8ADE8002C552E /* ScreenShot1.PNG */ = {isa = PBXFileReference; lastKnownFileType = image.png; path = ScreenShot1.PNG; sourceTree = "<group>"; };
		6CB0F77825F8ADE8002C552E /* ScreenShot2.PNG */ = {isa = PBXFileReference; lastKnownFileType = image.png; path = ScreenShot2.PNG; sourceTree = "<group>"; };
		6CB0F77925F8ADE8002C552E /* ScreenShot6.PNG */ = {isa = PBXFileReference; lastKnownFileType = image.png; path = ScreenShot6.PNG; sourceTree = "<group>"; };
		6CB0F77A25F8ADE8002C552E /* ScreenShot10.PNG */ = {isa = PBXFileReference; lastKnownFileType = image.png; path = ScreenShot10.PNG; sourceTree = "<group>"; };
		6CB0F77B25F8ADE8002C552E /* ScreenShot7.PNG */ = {isa = PBXFileReference; lastKnownFileType = image.png; path = ScreenShot7.PNG; sourceTree = "<group>"; };
		6CB0F77C25F8ADE8002C552E /* ScreenShot5.PNG */ = {isa = PBXFileReference; lastKnownFileType = image.png; path = ScreenShot5.PNG; sourceTree = "<group>"; };
		6CB0F77D25F8ADE8002C552E /* ScreenShot3.PNG */ = {isa = PBXFileReference; lastKnownFileType = image.png; path = ScreenShot3.PNG; sourceTree = "<group>"; };
		6CB0F77E25F8ADE8002C552E /* ScreenShot4.PNG */ = {isa = PBXFileReference; lastKnownFileType = image.png; path = ScreenShot4.PNG; sourceTree = "<group>"; };
		6CB0F77F25F8ADE8002C552E /* ScreenShot8.PNG */ = {isa = PBXFileReference; lastKnownFileType = image.png; path = ScreenShot8.PNG; sourceTree = "<group>"; };
		6CB0F78B25F8AE6A002C552E /* ScreenShot4_ja.PNG */ = {isa = PBXFileReference; lastKnownFileType = image.png; path = ScreenShot4_ja.PNG; sourceTree = "<group>"; };
		6CB0F78C25F8AE6A002C552E /* ScreenShot2_ja.PNG */ = {isa = PBXFileReference; lastKnownFileType = image.png; path = ScreenShot2_ja.PNG; sourceTree = "<group>"; };
		6CB0F78D25F8AE6A002C552E /* ScreenShot3_ja.PNG */ = {isa = PBXFileReference; lastKnownFileType = image.png; path = ScreenShot3_ja.PNG; sourceTree = "<group>"; };
		6CB0F78E25F8AE6A002C552E /* ScreenShot8_ja.PNG */ = {isa = PBXFileReference; lastKnownFileType = image.png; path = ScreenShot8_ja.PNG; sourceTree = "<group>"; };
		6CB0F78F25F8AE6A002C552E /* ScreenShot1_ja.PNG */ = {isa = PBXFileReference; lastKnownFileType = image.png; path = ScreenShot1_ja.PNG; sourceTree = "<group>"; };
		6CB0F79025F8AE6B002C552E /* ScreenShot9_ja.PNG */ = {isa = PBXFileReference; lastKnownFileType = image.png; path = ScreenShot9_ja.PNG; sourceTree = "<group>"; };
		6CB0F79125F8AE6B002C552E /* ScreenShot7_ja.PNG */ = {isa = PBXFileReference; lastKnownFileType = image.png; path = ScreenShot7_ja.PNG; sourceTree = "<group>"; };
		6CB0F79225F8AE6B002C552E /* ScreenShot6_ja.PNG */ = {isa = PBXFileReference; lastKnownFileType = image.png; path = ScreenShot6_ja.PNG; sourceTree = "<group>"; };
		6CB0F79325F8AE6B002C552E /* ScreenShot5_ja.PNG */ = {isa = PBXFileReference; lastKnownFileType = image.png; path = ScreenShot5_ja.PNG; sourceTree = "<group>"; };
		6CB0F79425F8AE6B002C552E /* ScreenShot10_ja.PNG */ = {isa = PBXFileReference; lastKnownFileType = image.png; path = ScreenShot10_ja.PNG; sourceTree = "<group>"; };
/* End PBXFileReference section */

/* Begin PBXFrameworksBuildPhase section */
		6CB0F6DD25F0C3C2002C552E /* Frameworks */ = {
			isa = PBXFrameworksBuildPhase;
			buildActionMask = 2147483647;
			files = (
			);
			runOnlyForDeploymentPostprocessing = 0;
		};
/* End PBXFrameworksBuildPhase section */

/* Begin PBXGroup section */
		6CB0F6D725F0C3C2002C552E = {
			isa = PBXGroup;
			children = (
				6CB0F70025F0C4BF002C552E /* docs */,
				6CB0F6E225F0C3C2002C552E /* Calculator */,
				6CB0F6E125F0C3C2002C552E /* Products */,
			);
			sourceTree = "<group>";
		};
		6CB0F6E125F0C3C2002C552E /* Products */ = {
			isa = PBXGroup;
			children = (
				6CB0F6E025F0C3C2002C552E /* Calculator.app */,
			);
			name = Products;
			sourceTree = "<group>";
		};
		6CB0F6E225F0C3C2002C552E /* Calculator */ = {
			isa = PBXGroup;
			children = (
				6CB0F6E325F0C3C2002C552E /* AppDelegate.swift */,
				6CB0F6E525F0C3C2002C552E /* SceneDelegate.swift */,
				6CB0F71B25F0C559002C552E /* CalculatorSharedObject.swift */,
				6CB0F71F25F0C559002C552E /* Bbody.swift */,
				6CB0F73325F0C632002C552E /* HorizontalBbody.swift */,
				6CB0F72525F0C55A002C552E /* ByteField.swift */,
				6CB0F72225F0C559002C552E /* DataScreen.swift */,
				6CB0F6E725F0C3C2002C552E /* ContentView.swift */,
				6CB0F71E25F0C559002C552E /* CalculatorNumeric.swift */,
				6CB0F72125F0C559002C552E /* CalculatorUNIXTime.swift */,
				6CB0F71C25F0C559002C552E /* CalculatorIPAddress.swift */,
				6CB0F72325F0C559002C552E /* CalculatorCharacters.swift */,
				6CB0F72425F0C559002C552E /* CalculatorMenu.swift */,
				6CB0F73725F0C668002C552E /* UInt8+Extension.swift */,
				6CB0F71D25F0C559002C552E /* Data+Extension.swift */,
				6CB0F73625F0C668002C552E /* String+Extension.swift */,
				6CB0F73C25F238C5002C552E /* UIApplication+Extension.swift */,
				6CB0F6E925F0C3C3002C552E /* Assets.xcassets */,
				6CB0F6EE25F0C3C3002C552E /* LaunchScreen.storyboard */,
				6CB0F6F125F0C3C3002C552E /* Info.plist */,
				6CB0F6EB25F0C3C3002C552E /* Preview Content */,
				6CB0F6FD25F0C4AA002C552E /* Localizable.strings */,
			);
			path = Calculator;
			sourceTree = "<group>";
		};
		6CB0F6EB25F0C3C3002C552E /* Preview Content */ = {
			isa = PBXGroup;
			children = (
				6CB0F6EC25F0C3C3002C552E /* Preview Assets.xcassets */,
			);
			path = "Preview Content";
			sourceTree = "<group>";
		};
		6CB0F70025F0C4BF002C552E /* docs */ = {
			isa = PBXGroup;
			children = (
				6CB0F70225F0C4DB002C552E /* apps.css */,
				6CB0F70325F0C4DB002C552E /* style.css */,
				6CB0F70A25F0C4E2002C552E /* index_ja.html */,
				6CB0F70825F0C4E2002C552E /* index.html */,
				6CB0F70725F0C4E2002C552E /* PrivacyPolicy_ja.html */,
				6CB0F70925F0C4E2002C552E /* PrivacyPolicy.html */,
				6CB0F70125F0C4C5002C552E /* img */,
			);
			path = docs;
			sourceTree = "<group>";
		};
		6CB0F70125F0C4C5002C552E /* img */ = {
			isa = PBXGroup;
			children = (
				6CB0F71325F0C4EB002C552E /* AppStore_JP.svg */,
				6CB0F71125F0C4EB002C552E /* AppStore_US.svg */,
				6CB0F71025F0C4EB002C552E /* Calculator_splash.png */,
				6CB0F71425F0C4EB002C552E /* home.svg */,
				6CB0F71225F0C4EB002C552E /* mark-github.svg */,
				6CB0F77725F8ADE8002C552E /* ScreenShot1.PNG */,
				6CB0F77825F8ADE8002C552E /* ScreenShot2.PNG */,
				6CB0F77D25F8ADE8002C552E /* ScreenShot3.PNG */,
				6CB0F77E25F8ADE8002C552E /* ScreenShot4.PNG */,
				6CB0F77C25F8ADE8002C552E /* ScreenShot5.PNG */,
				6CB0F77925F8ADE8002C552E /* ScreenShot6.PNG */,
				6CB0F77B25F8ADE8002C552E /* ScreenShot7.PNG */,
				6CB0F77F25F8ADE8002C552E /* ScreenShot8.PNG */,
				6CB0F77625F8ADE8002C552E /* ScreenShot9.PNG */,
				6CB0F77A25F8ADE8002C552E /* ScreenShot10.PNG */,
				6CB0F78F25F8AE6A002C552E /* ScreenShot1_ja.PNG */,
				6CB0F78C25F8AE6A002C552E /* ScreenShot2_ja.PNG */,
				6CB0F78D25F8AE6A002C552E /* ScreenShot3_ja.PNG */,
				6CB0F78B25F8AE6A002C552E /* ScreenShot4_ja.PNG */,
				6CB0F79325F8AE6B002C552E /* ScreenShot5_ja.PNG */,
				6CB0F79225F8AE6B002C552E /* ScreenShot6_ja.PNG */,
				6CB0F79125F8AE6B002C552E /* ScreenShot7_ja.PNG */,
				6CB0F78E25F8AE6A002C552E /* ScreenShot8_ja.PNG */,
				6CB0F79025F8AE6B002C552E /* ScreenShot9_ja.PNG */,
				6CB0F79425F8AE6B002C552E /* ScreenShot10_ja.PNG */,
			);
			path = img;
			sourceTree = "<group>";
		};
/* End PBXGroup section */

/* Begin PBXNativeTarget section */
		6CB0F6DF25F0C3C2002C552E /* Calculator */ = {
			isa = PBXNativeTarget;
			buildConfigurationList = 6CB0F6F425F0C3C3002C552E /* Build configuration list for PBXNativeTarget "Calculator" */;
			buildPhases = (
				6CB0F6DC25F0C3C2002C552E /* Sources */,
				6CB0F6DD25F0C3C2002C552E /* Frameworks */,
				6CB0F6DE25F0C3C2002C552E /* Resources */,
			);
			buildRules = (
			);
			dependencies = (
			);
			name = Calculator;
			productName = Calculator;
			productReference = 6CB0F6E025F0C3C2002C552E /* Calculator.app */;
			productType = "com.apple.product-type.application";
		};
/* End PBXNativeTarget section */

/* Begin PBXProject section */
		6CB0F6D825F0C3C2002C552E /* Project object */ = {
			isa = PBXProject;
			attributes = {
				LastSwiftUpdateCheck = 1240;
				LastUpgradeCheck = 1240;
				TargetAttributes = {
					6CB0F6DF25F0C3C2002C552E = {
						CreatedOnToolsVersion = 12.4;
					};
				};
			};
			buildConfigurationList = 6CB0F6DB25F0C3C2002C552E /* Build configuration list for PBXProject "Calculator" */;
			compatibilityVersion = "Xcode 9.3";
			developmentRegion = en;
			hasScannedForEncodings = 0;
			knownRegions = (
				en,
				Base,
				ja,
			);
			mainGroup = 6CB0F6D725F0C3C2002C552E;
			productRefGroup = 6CB0F6E125F0C3C2002C552E /* Products */;
			projectDirPath = "";
			projectRoot = "";
			targets = (
				6CB0F6DF25F0C3C2002C552E /* Calculator */,
			);
		};
/* End PBXProject section */

/* Begin PBXResourcesBuildPhase section */
		6CB0F6DE25F0C3C2002C552E /* Resources */ = {
			isa = PBXResourcesBuildPhase;
			buildActionMask = 2147483647;
			files = (
				6CB0F78225F8ADE8002C552E /* ScreenShot2.PNG in Resources */,
				6CB0F78725F8ADE8002C552E /* ScreenShot3.PNG in Resources */,
				6CB0F70E25F0C4E2002C552E /* index_ja.html in Resources */,
				6CB0F78425F8ADE8002C552E /* ScreenShot10.PNG in Resources */,
				6CB0F79B25F8AE6B002C552E /* ScreenShot7_ja.PNG in Resources */,
				6CB0F79725F8AE6B002C552E /* ScreenShot3_ja.PNG in Resources */,
				6CB0F78525F8ADE8002C552E /* ScreenShot7.PNG in Resources */,
				6CB0F71725F0C4EB002C552E /* mark-github.svg in Resources */,
				6CB0F6F025F0C3C3002C552E /* LaunchScreen.storyboard in Resources */,
				6CB0F70525F0C4DB002C552E /* style.css in Resources */,
				6CB0F70425F0C4DB002C552E /* apps.css in Resources */,
				6CB0F71525F0C4EB002C552E /* Calculator_splash.png in Resources */,
				6CB0F6FB25F0C4AA002C552E /* Localizable.strings in Resources */,
				6CB0F79525F8AE6B002C552E /* ScreenShot4_ja.PNG in Resources */,
				6CB0F78325F8ADE8002C552E /* ScreenShot6.PNG in Resources */,
				6CB0F78825F8ADE8002C552E /* ScreenShot4.PNG in Resources */,
				6CB0F79625F8AE6B002C552E /* ScreenShot2_ja.PNG in Resources */,
				6CB0F71925F0C4EB002C552E /* home.svg in Resources */,
				6CB0F71625F0C4EB002C552E /* AppStore_US.svg in Resources */,
				6CB0F78025F8ADE8002C552E /* ScreenShot9.PNG in Resources */,
				6CB0F70D25F0C4E2002C552E /* PrivacyPolicy.html in Resources */,
				6CB0F79E25F8AE6B002C552E /* ScreenShot10_ja.PNG in Resources */,
				6CB0F6ED25F0C3C3002C552E /* Preview Assets.xcassets in Resources */,
				6CB0F78925F8ADE8002C552E /* ScreenShot8.PNG in Resources */,
				6CB0F79825F8AE6B002C552E /* ScreenShot8_ja.PNG in Resources */,
				6CB0F71825F0C4EB002C552E /* AppStore_JP.svg in Resources */,
				6CB0F79925F8AE6B002C552E /* ScreenShot1_ja.PNG in Resources */,
				6CB0F78625F8ADE8002C552E /* ScreenShot5.PNG in Resources */,
				6CB0F79C25F8AE6B002C552E /* ScreenShot6_ja.PNG in Resources */,
				6CB0F79A25F8AE6B002C552E /* ScreenShot9_ja.PNG in Resources */,
				6CB0F70C25F0C4E2002C552E /* index.html in Resources */,
				6CB0F79D25F8AE6B002C552E /* ScreenShot5_ja.PNG in Resources */,
				6CB0F78125F8ADE8002C552E /* ScreenShot1.PNG in Resources */,
				6CB0F6EA25F0C3C3002C552E /* Assets.xcassets in Resources */,
				6CB0F70B25F0C4E2002C552E /* PrivacyPolicy_ja.html in Resources */,
			);
			runOnlyForDeploymentPostprocessing = 0;
		};
/* End PBXResourcesBuildPhase section */

/* Begin PBXSourcesBuildPhase section */
		6CB0F6DC25F0C3C2002C552E /* Sources */ = {
			isa = PBXSourcesBuildPhase;
			buildActionMask = 2147483647;
			files = (
				6CB0F73925F0C668002C552E /* UInt8+Extension.swift in Sources */,
				6CB0F6E425F0C3C2002C552E /* AppDelegate.swift in Sources */,
				6CB0F73D25F238C5002C552E /* UIApplication+Extension.swift in Sources */,
				6CB0F6E625F0C3C2002C552E /* SceneDelegate.swift in Sources */,
				6CB0F72E25F0C55A002C552E /* CalculatorCharacters.swift in Sources */,
				6CB0F72D25F0C55A002C552E /* DataScreen.swift in Sources */,
				6CB0F73425F0C632002C552E /* HorizontalBbody.swift in Sources */,
				6CB0F72625F0C55A002C552E /* CalculatorSharedObject.swift in Sources */,
				6CB0F72F25F0C55A002C552E /* CalculatorMenu.swift in Sources */,
				6CB0F72725F0C55A002C552E /* CalculatorIPAddress.swift in Sources */,
				6CB0F72925F0C55A002C552E /* CalculatorNumeric.swift in Sources */,
				6CB0F73025F0C55A002C552E /* ByteField.swift in Sources */,
				6CB0F6E825F0C3C2002C552E /* ContentView.swift in Sources */,
				6CB0F72A25F0C55A002C552E /* Bbody.swift in Sources */,
				6CB0F72825F0C55A002C552E /* Data+Extension.swift in Sources */,
				6CB0F73825F0C668002C552E /* String+Extension.swift in Sources */,
				6CB0F72C25F0C55A002C552E /* CalculatorUNIXTime.swift in Sources */,
			);
			runOnlyForDeploymentPostprocessing = 0;
		};
/* End PBXSourcesBuildPhase section */

/* Begin PBXVariantGroup section */
		6CB0F6EE25F0C3C3002C552E /* LaunchScreen.storyboard */ = {
			isa = PBXVariantGroup;
			children = (
				6CB0F6EF25F0C3C3002C552E /* Base */,
			);
			name = LaunchScreen.storyboard;
			sourceTree = "<group>";
		};
		6CB0F6FD25F0C4AA002C552E /* Localizable.strings */ = {
			isa = PBXVariantGroup;
			children = (
				6CB0F6FC25F0C4AA002C552E /* en */,
				6CB0F6FF25F0C4B5002C552E /* ja */,
			);
			name = Localizable.strings;
			sourceTree = "<group>";
		};
/* End PBXVariantGroup section */

/* Begin XCBuildConfiguration section */
		6CB0F6F225F0C3C3002C552E /* Debug */ = {
			isa = XCBuildConfiguration;
			buildSettings = {
				ALWAYS_SEARCH_USER_PATHS = NO;
				CLANG_ANALYZER_LOCALIZABILITY_NONLOCALIZED = YES;
				CLANG_ANALYZER_NONNULL = YES;
				CLANG_ANALYZER_NUMBER_OBJECT_CONVERSION = YES_AGGRESSIVE;
				CLANG_CXX_LANGUAGE_STANDARD = "gnu++14";
				CLANG_CXX_LIBRARY = "libc++";
				CLANG_ENABLE_MODULES = YES;
				CLANG_ENABLE_OBJC_ARC = YES;
				CLANG_ENABLE_OBJC_WEAK = YES;
				CLANG_WARN_BLOCK_CAPTURE_AUTORELEASING = YES;
				CLANG_WARN_BOOL_CONVERSION = YES;
				CLANG_WARN_COMMA = YES;
				CLANG_WARN_CONSTANT_CONVERSION = YES;
				CLANG_WARN_DEPRECATED_OBJC_IMPLEMENTATIONS = YES;
				CLANG_WARN_DIRECT_OBJC_ISA_USAGE = YES_ERROR;
				CLANG_WARN_DOCUMENTATION_COMMENTS = YES;
				CLANG_WARN_EMPTY_BODY = YES;
				CLANG_WARN_ENUM_CONVERSION = YES;
				CLANG_WARN_INFINITE_RECURSION = YES;
				CLANG_WARN_INT_CONVERSION = YES;
				CLANG_WARN_NON_LITERAL_NULL_CONVERSION = YES;
				CLANG_WARN_OBJC_IMPLICIT_RETAIN_SELF = YES;
				CLANG_WARN_OBJC_LITERAL_CONVERSION = YES;
				CLANG_WARN_OBJC_ROOT_CLASS = YES_ERROR;
				CLANG_WARN_QUOTED_INCLUDE_IN_FRAMEWORK_HEADER = YES;
				CLANG_WARN_RANGE_LOOP_ANALYSIS = YES;
				CLANG_WARN_STRICT_PROTOTYPES = YES;
				CLANG_WARN_SUSPICIOUS_MOVE = YES;
				CLANG_WARN_UNGUARDED_AVAILABILITY = YES_AGGRESSIVE;
				CLANG_WARN_UNREACHABLE_CODE = YES;
				CLANG_WARN__DUPLICATE_METHOD_MATCH = YES;
				COPY_PHASE_STRIP = NO;
				DEBUG_INFORMATION_FORMAT = dwarf;
				ENABLE_STRICT_OBJC_MSGSEND = YES;
				ENABLE_TESTABILITY = YES;
				GCC_C_LANGUAGE_STANDARD = gnu11;
				GCC_DYNAMIC_NO_PIC = NO;
				GCC_NO_COMMON_BLOCKS = YES;
				GCC_OPTIMIZATION_LEVEL = 0;
				GCC_PREPROCESSOR_DEFINITIONS = (
					"DEBUG=1",
					"$(inherited)",
				);
				GCC_WARN_64_TO_32_BIT_CONVERSION = YES;
				GCC_WARN_ABOUT_RETURN_TYPE = YES_ERROR;
				GCC_WARN_UNDECLARED_SELECTOR = YES;
				GCC_WARN_UNINITIALIZED_AUTOS = YES_AGGRESSIVE;
				GCC_WARN_UNUSED_FUNCTION = YES;
				GCC_WARN_UNUSED_VARIABLE = YES;
				IPHONEOS_DEPLOYMENT_TARGET = 14.1;
				MTL_ENABLE_DEBUG_INFO = INCLUDE_SOURCE;
				MTL_FAST_MATH = YES;
				ONLY_ACTIVE_ARCH = YES;
				SDKROOT = iphoneos;
				SWIFT_ACTIVE_COMPILATION_CONDITIONS = DEBUG;
				SWIFT_OPTIMIZATION_LEVEL = "-Onone";
			};
			name = Debug;
		};
		6CB0F6F325F0C3C3002C552E /* Release */ = {
			isa = XCBuildConfiguration;
			buildSettings = {
				ALWAYS_SEARCH_USER_PATHS = NO;
				CLANG_ANALYZER_LOCALIZABILITY_NONLOCALIZED = YES;
				CLANG_ANALYZER_NONNULL = YES;
				CLANG_ANALYZER_NUMBER_OBJECT_CONVERSION = YES_AGGRESSIVE;
				CLANG_CXX_LANGUAGE_STANDARD = "gnu++14";
				CLANG_CXX_LIBRARY = "libc++";
				CLANG_ENABLE_MODULES = YES;
				CLANG_ENABLE_OBJC_ARC = YES;
				CLANG_ENABLE_OBJC_WEAK = YES;
				CLANG_WARN_BLOCK_CAPTURE_AUTORELEASING = YES;
				CLANG_WARN_BOOL_CONVERSION = YES;
				CLANG_WARN_COMMA = YES;
				CLANG_WARN_CONSTANT_CONVERSION = YES;
				CLANG_WARN_DEPRECATED_OBJC_IMPLEMENTATIONS = YES;
				CLANG_WARN_DIRECT_OBJC_ISA_USAGE = YES_ERROR;
				CLANG_WARN_DOCUMENTATION_COMMENTS = YES;
				CLANG_WARN_EMPTY_BODY = YES;
				CLANG_WARN_ENUM_CONVERSION = YES;
				CLANG_WARN_INFINITE_RECURSION = YES;
				CLANG_WARN_INT_CONVERSION = YES;
				CLANG_WARN_NON_LITERAL_NULL_CONVERSION = YES;
				CLANG_WARN_OBJC_IMPLICIT_RETAIN_SELF = YES;
				CLANG_WARN_OBJC_LITERAL_CONVERSION = YES;
				CLANG_WARN_OBJC_ROOT_CLASS = YES_ERROR;
				CLANG_WARN_QUOTED_INCLUDE_IN_FRAMEWORK_HEADER = YES;
				CLANG_WARN_RANGE_LOOP_ANALYSIS = YES;
				CLANG_WARN_STRICT_PROTOTYPES = YES;
				CLANG_WARN_SUSPICIOUS_MOVE = YES;
				CLANG_WARN_UNGUARDED_AVAILABILITY = YES_AGGRESSIVE;
				CLANG_WARN_UNREACHABLE_CODE = YES;
				CLANG_WARN__DUPLICATE_METHOD_MATCH = YES;
				COPY_PHASE_STRIP = NO;
				DEBUG_INFORMATION_FORMAT = "dwarf-with-dsym";
				ENABLE_NS_ASSERTIONS = NO;
				ENABLE_STRICT_OBJC_MSGSEND = YES;
				GCC_C_LANGUAGE_STANDARD = gnu11;
				GCC_NO_COMMON_BLOCKS = YES;
				GCC_WARN_64_TO_32_BIT_CONVERSION = YES;
				GCC_WARN_ABOUT_RETURN_TYPE = YES_ERROR;
				GCC_WARN_UNDECLARED_SELECTOR = YES;
				GCC_WARN_UNINITIALIZED_AUTOS = YES_AGGRESSIVE;
				GCC_WARN_UNUSED_FUNCTION = YES;
				GCC_WARN_UNUSED_VARIABLE = YES;
				IPHONEOS_DEPLOYMENT_TARGET = 14.1;
				MTL_ENABLE_DEBUG_INFO = NO;
				MTL_FAST_MATH = YES;
				SDKROOT = iphoneos;
				SWIFT_COMPILATION_MODE = wholemodule;
				SWIFT_OPTIMIZATION_LEVEL = "-O";
				VALIDATE_PRODUCT = YES;
			};
			name = Release;
		};
		6CB0F6F525F0C3C3002C552E /* Debug */ = {
			isa = XCBuildConfiguration;
			buildSettings = {
				ASSETCATALOG_COMPILER_APPICON_NAME = AppIcon;
				ASSETCATALOG_COMPILER_GLOBAL_ACCENT_COLOR_NAME = AccentColor;
				CODE_SIGN_STYLE = Automatic;
				CURRENT_PROJECT_VERSION = 5;
				DEVELOPMENT_ASSET_PATHS = "\"Calculator/Preview Content\"";
				DEVELOPMENT_TEAM = DG8D574ZV8;
				ENABLE_PREVIEWS = YES;
				INFOPLIST_FILE = Calculator/Info.plist;
				LD_RUNPATH_SEARCH_PATHS = (
					"$(inherited)",
					"@executable_path/Frameworks",
				);
				PRODUCT_BUNDLE_IDENTIFIER = manabapp.Calculator;
				PRODUCT_NAME = "$(TARGET_NAME)";
				SWIFT_VERSION = 5.0;
				TARGETED_DEVICE_FAMILY = 1;
			};
			name = Debug;
		};
		6CB0F6F625F0C3C3002C552E /* Release */ = {
			isa = XCBuildConfiguration;
			buildSettings = {
				ASSETCATALOG_COMPILER_APPICON_NAME = AppIcon;
				ASSETCATALOG_COMPILER_GLOBAL_ACCENT_COLOR_NAME = AccentColor;
				CODE_SIGN_STYLE = Automatic;
				CURRENT_PROJECT_VERSION = 5;
				DEVELOPMENT_ASSET_PATHS = "\"Calculator/Preview Content\"";
				DEVELOPMENT_TEAM = DG8D574ZV8;
				ENABLE_PREVIEWS = YES;
				INFOPLIST_FILE = Calculator/Info.plist;
				LD_RUNPATH_SEARCH_PATHS = (
					"$(inherited)",
					"@executable_path/Frameworks",
				);
				PRODUCT_BUNDLE_IDENTIFIER = manabapp.Calculator;
				PRODUCT_NAME = "$(TARGET_NAME)";
				SWIFT_VERSION = 5.0;
				TARGETED_DEVICE_FAMILY = 1;
			};
			name = Release;
		};
/* End XCBuildConfiguration section */

/* Begin XCConfigurationList section */
		6CB0F6DB25F0C3C2002C552E /* Build configuration list for PBXProject "Calculator" */ = {
			isa = XCConfigurationList;
			buildConfigurations = (
				6CB0F6F225F0C3C3002C552E /* Debug */,
				6CB0F6F325F0C3C3002C552E /* Release */,
			);
			defaultConfigurationIsVisible = 0;
			defaultConfigurationName = Release;
		};
		6CB0F6F425F0C3C3002C552E /* Build configuration list for PBXNativeTarget "Calculator" */ = {
			isa = XCConfigurationList;
			buildConfigurations = (
				6CB0F6F525F0C3C3002C552E /* Debug */,
				6CB0F6F625F0C3C3002C552E /* Release */,
			);
			defaultConfigurationIsVisible = 0;
			defaultConfigurationName = Release;
		};
/* End XCConfigurationList section */
	};
	rootObject = 6CB0F6D825F0C3C2002C552E /* Project object */;
}
